
Microsoft Visual Studio Solution File, Format Version 12.00
# Visual Studio Version 16
VisualStudioVersion = 16.0.31129.286
MinimumVisualStudioVersion = 10.0.40219.1
Project("{FAE04EC0-301F-11D3-BF4B-00C04F79EFBC}") = "multi_teszt", "multi_teszt\multi_teszt.csproj", "{E601D36D-A7CA-4639-8F4B-DF4B5503F41B}"
EndProject
Global
	GlobalSection(SolutionConfigurationPlatforms) = preSolution
		Debug|Any CPU = Debug|Any CPU
		Release|Any CPU = Release|Any CPU
	EndGlobalSection
	GlobalSection(ProjectConfigurationPlatforms) = postSolution
		{E601D36D-A7CA-4639-8F4B-DF4B5503F41B}.Debug|Any CPU.ActiveCfg = Debug|Any CPU
		{E601D36D-A7CA-4639-8F4B-DF4B5503F41B}.Debug|Any CPU.Build.0 = Debug|Any CPU
		{E601D36D-A7CA-4639-8F4B-DF4B5503F41B}.Release|Any CPU.ActiveCfg = Release|Any CPU
		{E601D36D-A7CA-4639-8F4B-DF4B5503F41B}.Release|Any CPU.Build.0 = Release|Any CPU
	EndGlobalSection
	GlobalSection(SolutionProperties) = preSolution
		HideSolutionNode = FALSE
	EndGlobalSection
	GlobalSection(ExtensibilityGlobals) = postSolution
		SolutionGuid = {ECF6E001-6E20-4F80-8115-81A3D3FC6800}
	EndGlobalSection
EndGlobal
